{
    "_readme": [
        "This file locks the dependencies of your project to a known state",
        "Read more about it at https://getcomposer.org/doc/01-basic-usage.md#installing-dependencies",
        "This file is @generated automatically"
    ],
    "content-hash": "40644eb9837bbaac41b44edaee818354",
    "packages": [
        {
            "name": "spatie/calendar-links",
            "version": "1.6.0",
            "source": {
                "type": "git",
                "url": "https://github.com/spatie/calendar-links.git",
                "reference": "aa984fb84d218cc8962b8f89ef46437298534c24"
            },
            "dist": {
                "type": "zip",
                "url": "https://api.github.com/repos/spatie/calendar-links/zipball/aa984fb84d218cc8962b8f89ef46437298534c24",
                "reference": "aa984fb84d218cc8962b8f89ef46437298534c24",
                "shasum": ""
            },
            "require": {
                "php": "^7.4 || ^8.0"
            },
            "require-dev": {
                "phpunit/phpunit": "^9.0",
                "spatie/phpunit-snapshot-assertions": "^4.0",
                "vimeo/psalm": "^4.7"
            },
            "type": "library",
            "autoload": {
                "psr-4": {
                    "Spatie\\CalendarLinks\\": "src"
                }
            },
            "notification-url": "https://packagist.org/downloads/",
            "license": [
                "MIT"
            ],
            "authors": [
                {
                    "name": "Sebastian De Deyne",
                    "email": "sebastian@spatie.be",
                    "homepage": "https://spatie.be",
                    "role": "Developer"
                }
            ],
            "description": "Generate add to calendar links for Google, iCal and other calendar systems",
            "homepage": "https://github.com/spatie/calendar-links",
            "keywords": [
                "calendar-links",
                "spatie"
            ],
            "funding": [
                {
                    "url": "https://spatie.be/open-source/support-us",
                    "type": "custom"
                }
            ],
            "time": "2021-04-22T15:16:31+00:00"
        }
    ],
    "packages-dev": [],
    "aliases": [],
    "minimum-stability": "stable",
    "stability-flags": [],
    "prefer-stable": false,
    "prefer-lowest": false,
    "platform": [],
    "platform-dev": [],
    "plugin-api-version": "1.1.0"
}
